# THIS IS AN AUTOGENERATED FILE. DO NOT EDIT THIS FILE DIRECTLY.
# yarn lockfile v1


vconsole@^3.3.4:
  version "3.3.4"
  resolved "https://registry.yarnpkg.com/vconsole/-/vconsole-3.3.4.tgz#a7dacd8887b3d3e902e8d18425cda56c34e77f51"
  integrity sha512-9yihsic96NPoMLQx/lCQwH9d89H0bbMW3LZPzo/t4yGQcS1X+vTCe9OHm1XSH7WNxzGDmcSwBiKLsFGwvJpQBg==
